
Microsoft Visual Studio Solution File, Format Version 12.00
# Visual Studio Version 17
VisualStudioVersion = 17.14.36623.8
MinimumVisualStudioVersion = 10.0.40219.1
Project("{FAE04EC0-301F-11D3-BF4B-00C04F79EFBC}") = "Pilens", "Pilens.csproj", "{02A0E0CF-E438-4848-925C-DDFBBD3EC4CA}"
EndProject
Project("{FAE04EC0-301F-11D3-BF4B-00C04F79EFBC}") = "PilensTesting", "..\PilensTesting\PilensTesting.csproj", "{51C9E99D-29F4-418C-A9FB-7A3C76782E4B}"
EndProject
Global
	GlobalSection(SolutionConfigurationPlatforms) = preSolution
		Debug|Any CPU = Debug|Any CPU
		Release|Any CPU = Release|Any CPU
	EndGlobalSection
	GlobalSection(ProjectConfigurationPlatforms) = postSolution
		{02A0E0CF-E438-4848-925C-DDFBBD3EC4CA}.Debug|Any CPU.ActiveCfg = Debug|Any CPU
		{02A0E0CF-E438-4848-925C-DDFBBD3EC4CA}.Debug|Any CPU.Build.0 = Debug|Any CPU
		{02A0E0CF-E438-4848-925C-DDFBBD3EC4CA}.Release|Any CPU.ActiveCfg = Release|Any CPU
		{02A0E0CF-E438-4848-925C-DDFBBD3EC4CA}.Release|Any CPU.Build.0 = Release|Any CPU
		{51C9E99D-29F4-418C-A9FB-7A3C76782E4B}.Debug|Any CPU.ActiveCfg = Debug|Any CPU
		{51C9E99D-29F4-418C-A9FB-7A3C76782E4B}.Debug|Any CPU.Build.0 = Debug|Any CPU
		{51C9E99D-29F4-418C-A9FB-7A3C76782E4B}.Release|Any CPU.ActiveCfg = Release|Any CPU
		{51C9E99D-29F4-418C-A9FB-7A3C76782E4B}.Release|Any CPU.Build.0 = Release|Any CPU
	EndGlobalSection
	GlobalSection(SolutionProperties) = preSolution
		HideSolutionNode = FALSE
	EndGlobalSection
	GlobalSection(ExtensibilityGlobals) = postSolution
		SolutionGuid = {907A909D-D05A-4E08-8AF0-693BA6FAC673}
	EndGlobalSection
EndGlobal
